
Microsoft Visual Studio Solution File, Format Version 12.00
# Visual Studio Version 17
VisualStudioVersion = 17.0.31815.197
MinimumVisualStudioVersion = 10.0.40219.1
Project("{FAE04EC0-301F-11D3-BF4B-00C04F79EFBC}") = "MCCheatFinder", "MCCheatFinder\MCCheatFinder.csproj", "{D74F3AE0-B7B5-4846-93E3-203A9164C8FE}"
EndProject
Global
	GlobalSection(SolutionConfigurationPlatforms) = preSolution
		Debug|Any CPU = Debug|Any CPU
		Release|Any CPU = Release|Any CPU
	EndGlobalSection
	GlobalSection(ProjectConfigurationPlatforms) = postSolution
		{D74F3AE0-B7B5-4846-93E3-203A9164C8FE}.Debug|Any CPU.ActiveCfg = Debug|Any CPU
		{D74F3AE0-B7B5-4846-93E3-203A9164C8FE}.Debug|Any CPU.Build.0 = Debug|Any CPU
		{D74F3AE0-B7B5-4846-93E3-203A9164C8FE}.Release|Any CPU.ActiveCfg = Release|Any CPU
		{D74F3AE0-B7B5-4846-93E3-203A9164C8FE}.Release|Any CPU.Build.0 = Release|Any CPU
	EndGlobalSection
	GlobalSection(SolutionProperties) = preSolution
		HideSolutionNode = FALSE
	EndGlobalSection
	GlobalSection(ExtensibilityGlobals) = postSolution
		SolutionGuid = {238981E1-E507-4777-9F78-A455BC0B43F9}
	EndGlobalSection
EndGlobal
